
Microsoft Visual Studio Solution File, Format Version 12.00
# Visual Studio Version 16
VisualStudioVersion = 16.0.30413.136
MinimumVisualStudioVersion = 10.0.40219.1
Project("{FAE04EC0-301F-11D3-BF4B-00C04F79EFBC}") = "RestItemService", "RestItemService\RestItemService.csproj", "{1D1B81BF-3309-43BD-B08D-8626A4D01BE5}"
EndProject
Project("{FAE04EC0-301F-11D3-BF4B-00C04F79EFBC}") = "ModelLib", "ModelLib\ModelLib.csproj", "{C166FA9E-487B-45E0-B744-6FBB58E105D7}"
EndProject
Global
	GlobalSection(SolutionConfigurationPlatforms) = preSolution
		Debug|Any CPU = Debug|Any CPU
		Release|Any CPU = Release|Any CPU
	EndGlobalSection
	GlobalSection(ProjectConfigurationPlatforms) = postSolution
		{1D1B81BF-3309-43BD-B08D-8626A4D01BE5}.Debug|Any CPU.ActiveCfg = Debug|Any CPU
		{1D1B81BF-3309-43BD-B08D-8626A4D01BE5}.Debug|Any CPU.Build.0 = Debug|Any CPU
		{1D1B81BF-3309-43BD-B08D-8626A4D01BE5}.Release|Any CPU.ActiveCfg = Release|Any CPU
		{1D1B81BF-3309-43BD-B08D-8626A4D01BE5}.Release|Any CPU.Build.0 = Release|Any CPU
		{C166FA9E-487B-45E0-B744-6FBB58E105D7}.Debug|Any CPU.ActiveCfg = Debug|Any CPU
		{C166FA9E-487B-45E0-B744-6FBB58E105D7}.Debug|Any CPU.Build.0 = Debug|Any CPU
		{C166FA9E-487B-45E0-B744-6FBB58E105D7}.Release|Any CPU.ActiveCfg = Release|Any CPU
		{C166FA9E-487B-45E0-B744-6FBB58E105D7}.Release|Any CPU.Build.0 = Release|Any CPU
	EndGlobalSection
	GlobalSection(SolutionProperties) = preSolution
		HideSolutionNode = FALSE
	EndGlobalSection
	GlobalSection(ExtensibilityGlobals) = postSolution
		SolutionGuid = {BEC74647-1922-45BD-99DC-DD8785ED2A47}
	EndGlobalSection
EndGlobal
